// !$*UTF8*$!
{
	archiveVersion = 1;
	classes = {
	};
	objectVersion = 50;
	objects = {

/* Begin PBXBuildFile section */
		1038C53026FC6B2D00114A41 /* main.cpp in Sources */ = {isa = PBXBuildFile; fileRef = 1038C52F26FC6B2D00114A41 /* main.cpp */; };
		1038C53826FC6B7200114A41 /* Cat.cpp in Sources */ = {isa = PBXBuildFile; fileRef = 1038C53626FC6B7200114A41 /* Cat.cpp */; };
		1038C53B26FC6BD700114A41 /* HelperFunction.cpp in Sources */ = {isa = PBXBuildFile; fileRef = 1038C53926FC6BD700114A41 /* HelperFunction.cpp */; };
		1038C53E26FC6C2600114A41 /* Grass.cpp in Sources */ = {isa = PBXBuildFile; fileRef = 1038C53C26FC6C2600114A41 /* Grass.cpp */; };
		1038C54126FC6C5F00114A41 /* Wall.cpp in Sources */ = {isa = PBXBuildFile; fileRef = 1038C53F26FC6C5F00114A41 /* Wall.cpp */; };
		1038C54426FC6C9000114A41 /* WallQueue.cpp in Sources */ = {isa = PBXBuildFile; fileRef = 1038C54226FC6C9000114A41 /* WallQueue.cpp */; };
		1057B0DF26FE54B2007D1DDC /* TestFunctions.cpp in Sources */ = {isa = PBXBuildFile; fileRef = 1057B0DD26FE54B2007D1DDC /* TestFunctions.cpp */; };
/* End PBXBuildFile section */

/* Begin PBXCopyFilesBuildPhase section */
		1038C52A26FC6B2D00114A41 /* CopyFiles */ = {
			isa = PBXCopyFilesBuildPhase;
			buildActionMask = 2147483647;
			dstPath = /usr/share/man/man1/;
			dstSubfolderSpec = 0;
			files = (
			);
			runOnlyForDeploymentPostprocessing = 1;
		};
/* End PBXCopyFilesBuildPhase section */

/* Begin PBXFileReference section */
		1038C52C26FC6B2D00114A41 /* FlappyCat */ = {isa = PBXFileReference; explicitFileType = "compiled.mach-o.executable"; includeInIndex = 0; path = FlappyCat; sourceTree = BUILT_PRODUCTS_DIR; };
		1038C52F26FC6B2D00114A41 /* main.cpp */ = {isa = PBXFileReference; lastKnownFileType = sourcecode.cpp.cpp; path = main.cpp; sourceTree = "<group>"; };
		1038C53626FC6B7200114A41 /* Cat.cpp */ = {isa = PBXFileReference; lastKnownFileType = sourcecode.cpp.cpp; path = Cat.cpp; sourceTree = "<group>"; };
		1038C53726FC6B7200114A41 /* Cat.hpp */ = {isa = PBXFileReference; lastKnownFileType = sourcecode.cpp.h; path = Cat.hpp; sourceTree = "<group>"; };
		1038C53926FC6BD700114A41 /* HelperFunction.cpp */ = {isa = PBXFileReference; lastKnownFileType = sourcecode.cpp.cpp; path = HelperFunction.cpp; sourceTree = "<group>"; };
		1038C53A26FC6BD700114A41 /* HelperFunction.hpp */ = {isa = PBXFileReference; lastKnownFileType = sourcecode.cpp.h; path = HelperFunction.hpp; sourceTree = "<group>"; };
		1038C53C26FC6C2600114A41 /* Grass.cpp */ = {isa = PBXFileReference; lastKnownFileType = sourcecode.cpp.cpp; path = Grass.cpp; sourceTree = "<group>"; };
		1038C53D26FC6C2600114A41 /* Grass.hpp */ = {isa = PBXFileReference; lastKnownFileType = sourcecode.cpp.h; path = Grass.hpp; sourceTree = "<group>"; };
		1038C53F26FC6C5F00114A41 /* Wall.cpp */ = {isa = PBXFileReference; lastKnownFileType = sourcecode.cpp.cpp; path = Wall.cpp; sourceTree = "<group>"; };
		1038C54026FC6C5F00114A41 /* Wall.hpp */ = {isa = PBXFileReference; lastKnownFileType = sourcecode.cpp.h; path = Wall.hpp; sourceTree = "<group>"; };
		1038C54226FC6C9000114A41 /* WallQueue.cpp */ = {isa = PBXFileReference; lastKnownFileType = sourcecode.cpp.cpp; path = WallQueue.cpp; sourceTree = "<group>"; };
		1038C54326FC6C9000114A41 /* WallQueue.hpp */ = {isa = PBXFileReference; lastKnownFileType = sourcecode.cpp.h; path = WallQueue.hpp; sourceTree = "<group>"; };
		1057B0DD26FE54B2007D1DDC /* TestFunctions.cpp */ = {isa = PBXFileReference; lastKnownFileType = sourcecode.cpp.cpp; path = TestFunctions.cpp; sourceTree = "<group>"; };
		1057B0DE26FE54B2007D1DDC /* TestFunctions.hpp */ = {isa = PBXFileReference; lastKnownFileType = sourcecode.cpp.h; path = TestFunctions.hpp; sourceTree = "<group>"; };
/* End PBXFileReference section */

/* Begin PBXFrameworksBuildPhase section */
		1038C52926FC6B2D00114A41 /* Frameworks */ = {
			isa = PBXFrameworksBuildPhase;
			buildActionMask = 2147483647;
			files = (
			);
			runOnlyForDeploymentPostprocessing = 0;
		};
/* End PBXFrameworksBuildPhase section */

/* Begin PBXGroup section */
		1038C52326FC6B2D00114A41 = {
			isa = PBXGroup;
			children = (
				1038C52E26FC6B2D00114A41 /* FlappyCat */,
				1038C52D26FC6B2D00114A41 /* Products */,
			);
			sourceTree = "<group>";
		};
		1038C52D26FC6B2D00114A41 /* Products */ = {
			isa = PBXGroup;
			children = (
				1038C52C26FC6B2D00114A41 /* FlappyCat */,
			);
			name = Products;
			sourceTree = "<group>";
		};
		1038C52E26FC6B2D00114A41 /* FlappyCat */ = {
			isa = PBXGroup;
			children = (
				1038C52F26FC6B2D00114A41 /* main.cpp */,
				1057B0DD26FE54B2007D1DDC /* TestFunctions.cpp */,
				1057B0DE26FE54B2007D1DDC /* TestFunctions.hpp */,
				1038C53626FC6B7200114A41 /* Cat.cpp */,
				1038C53726FC6B7200114A41 /* Cat.hpp */,
				1038C53926FC6BD700114A41 /* HelperFunction.cpp */,
				1038C53A26FC6BD700114A41 /* HelperFunction.hpp */,
				1038C53C26FC6C2600114A41 /* Grass.cpp */,
				1038C53D26FC6C2600114A41 /* Grass.hpp */,
				1038C53F26FC6C5F00114A41 /* Wall.cpp */,
				1038C54026FC6C5F00114A41 /* Wall.hpp */,
				1038C54226FC6C9000114A41 /* WallQueue.cpp */,
				1038C54326FC6C9000114A41 /* WallQueue.hpp */,
			);
			path = FlappyCat;
			sourceTree = "<group>";
		};
/* End PBXGroup section */

/* Begin PBXNativeTarget section */
		1038C52B26FC6B2D00114A41 /* FlappyCat */ = {
			isa = PBXNativeTarget;
			buildConfigurationList = 1038C53326FC6B2D00114A41 /* Build configuration list for PBXNativeTarget "FlappyCat" */;
			buildPhases = (
				1038C52826FC6B2D00114A41 /* Sources */,
				1038C52926FC6B2D00114A41 /* Frameworks */,
				1038C52A26FC6B2D00114A41 /* CopyFiles */,
			);
			buildRules = (
			);
			dependencies = (
			);
			name = FlappyCat;
			productName = FlappyCat;
			productReference = 1038C52C26FC6B2D00114A41 /* FlappyCat */;
			productType = "com.apple.product-type.tool";
		};
/* End PBXNativeTarget section */

/* Begin PBXProject section */
		1038C52426FC6B2D00114A41 /* Project object */ = {
			isa = PBXProject;
			attributes = {
				LastUpgradeCheck = 1250;
				TargetAttributes = {
					1038C52B26FC6B2D00114A41 = {
						CreatedOnToolsVersion = 12.5.1;
					};
				};
			};
			buildConfigurationList = 1038C52726FC6B2D00114A41 /* Build configuration list for PBXProject "FlappyCat" */;
			compatibilityVersion = "Xcode 9.3";
			developmentRegion = en;
			hasScannedForEncodings = 0;
			knownRegions = (
				en,
				Base,
			);
			mainGroup = 1038C52326FC6B2D00114A41;
			productRefGroup = 1038C52D26FC6B2D00114A41 /* Products */;
			projectDirPath = "";
			projectRoot = "";
			targets = (
				1038C52B26FC6B2D00114A41 /* FlappyCat */,
			);
		};
/* End PBXProject section */

/* Begin PBXSourcesBuildPhase section */
		1038C52826FC6B2D00114A41 /* Sources */ = {
			isa = PBXSourcesBuildPhase;
			buildActionMask = 2147483647;
			files = (
				1038C53826FC6B7200114A41 /* Cat.cpp in Sources */,
				1038C53026FC6B2D00114A41 /* main.cpp in Sources */,
				1057B0DF26FE54B2007D1DDC /* TestFunctions.cpp in Sources */,
				1038C53E26FC6C2600114A41 /* Grass.cpp in Sources */,
				1038C53B26FC6BD700114A41 /* HelperFunction.cpp in Sources */,
				1038C54126FC6C5F00114A41 /* Wall.cpp in Sources */,
				1038C54426FC6C9000114A41 /* WallQueue.cpp in Sources */,
			);
			runOnlyForDeploymentPostprocessing = 0;
		};
/* End PBXSourcesBuildPhase section */

/* Begin XCBuildConfiguration section */
		1038C53126FC6B2D00114A41 /* Debug */ = {
			isa = XCBuildConfiguration;
			buildSettings = {
				ALWAYS_SEARCH_USER_PATHS = NO;
				CLANG_ANALYZER_NONNULL = YES;
				CLANG_ANALYZER_NUMBER_OBJECT_CONVERSION = YES_AGGRESSIVE;
				CLANG_CXX_LANGUAGE_STANDARD = "gnu++14";
				CLANG_CXX_LIBRARY = "libc++";
				CLANG_ENABLE_MODULES = YES;
				CLANG_ENABLE_OBJC_ARC = YES;
				CLANG_ENABLE_OBJC_WEAK = YES;
				CLANG_WARN_BLOCK_CAPTURE_AUTORELEASING = YES;
				CLANG_WARN_BOOL_CONVERSION = YES;
				CLANG_WARN_COMMA = YES;
				CLANG_WARN_CONSTANT_CONVERSION = YES;
				CLANG_WARN_DEPRECATED_OBJC_IMPLEMENTATIONS = YES;
				CLANG_WARN_DIRECT_OBJC_ISA_USAGE = YES_ERROR;
				CLANG_WARN_DOCUMENTATION_COMMENTS = YES;
				CLANG_WARN_EMPTY_BODY = YES;
				CLANG_WARN_ENUM_CONVERSION = YES;
				CLANG_WARN_INFINITE_RECURSION = YES;
				CLANG_WARN_INT_CONVERSION = YES;
				CLANG_WARN_NON_LITERAL_NULL_CONVERSION = YES;
				CLANG_WARN_OBJC_IMPLICIT_RETAIN_SELF = YES;
				CLANG_WARN_OBJC_LITERAL_CONVERSION = YES;
				CLANG_WARN_OBJC_ROOT_CLASS = YES_ERROR;
				CLANG_WARN_QUOTED_INCLUDE_IN_FRAMEWORK_HEADER = YES;
				CLANG_WARN_RANGE_LOOP_ANALYSIS = YES;
				CLANG_WARN_STRICT_PROTOTYPES = YES;
				CLANG_WARN_SUSPICIOUS_MOVE = YES;
				CLANG_WARN_UNGUARDED_AVAILABILITY = YES_AGGRESSIVE;
				CLANG_WARN_UNREACHABLE_CODE = YES;
				CLANG_WARN__DUPLICATE_METHOD_MATCH = YES;
				COPY_PHASE_STRIP = NO;
				DEBUG_INFORMATION_FORMAT = dwarf;
				ENABLE_STRICT_OBJC_MSGSEND = YES;
				ENABLE_TESTABILITY = YES;
				GCC_C_LANGUAGE_STANDARD = gnu11;
				GCC_DYNAMIC_NO_PIC = NO;
				GCC_NO_COMMON_BLOCKS = YES;
				GCC_OPTIMIZATION_LEVEL = 0;
				GCC_PREPROCESSOR_DEFINITIONS = (
					"DEBUG=1",
					"$(inherited)",
				);
				GCC_WARN_64_TO_32_BIT_CONVERSION = YES;
				GCC_WARN_ABOUT_RETURN_TYPE = YES_ERROR;
				GCC_WARN_UNDECLARED_SELECTOR = YES;
				GCC_WARN_UNINITIALIZED_AUTOS = YES_AGGRESSIVE;
				GCC_WARN_UNUSED_FUNCTION = YES;
				GCC_WARN_UNUSED_VARIABLE = YES;
				MACOSX_DEPLOYMENT_TARGET = 11.3;
				MTL_ENABLE_DEBUG_INFO = INCLUDE_SOURCE;
				MTL_FAST_MATH = YES;
				ONLY_ACTIVE_ARCH = YES;
				SDKROOT = macosx;
			};
			name = Debug;
		};
		1038C53226FC6B2D00114A41 /* Release */ = {
			isa = XCBuildConfiguration;
			buildSettings = {
				ALWAYS_SEARCH_USER_PATHS = NO;
				CLANG_ANALYZER_NONNULL = YES;
				CLANG_ANALYZER_NUMBER_OBJECT_CONVERSION = YES_AGGRESSIVE;
				CLANG_CXX_LANGUAGE_STANDARD = "gnu++14";
				CLANG_CXX_LIBRARY = "libc++";
				CLANG_ENABLE_MODULES = YES;
				CLANG_ENABLE_OBJC_ARC = YES;
				CLANG_ENABLE_OBJC_WEAK = YES;
				CLANG_WARN_BLOCK_CAPTURE_AUTORELEASING = YES;
				CLANG_WARN_BOOL_CONVERSION = YES;
				CLANG_WARN_COMMA = YES;
				CLANG_WARN_CONSTANT_CONVERSION = YES;
				CLANG_WARN_DEPRECATED_OBJC_IMPLEMENTATIONS = YES;
				CLANG_WARN_DIRECT_OBJC_ISA_USAGE = YES_ERROR;
				CLANG_WARN_DOCUMENTATION_COMMENTS = YES;
				CLANG_WARN_EMPTY_BODY = YES;
				CLANG_WARN_ENUM_CONVERSION = YES;
				CLANG_WARN_INFINITE_RECURSION = YES;
				CLANG_WARN_INT_CONVERSION = YES;
				CLANG_WARN_NON_LITERAL_NULL_CONVERSION = YES;
				CLANG_WARN_OBJC_IMPLICIT_RETAIN_SELF = YES;
				CLANG_WARN_OBJC_LITERAL_CONVERSION = YES;
				CLANG_WARN_OBJC_ROOT_CLASS = YES_ERROR;
				CLANG_WARN_QUOTED_INCLUDE_IN_FRAMEWORK_HEADER = YES;
				CLANG_WARN_RANGE_LOOP_ANALYSIS = YES;
				CLANG_WARN_STRICT_PROTOTYPES = YES;
				CLANG_WARN_SUSPICIOUS_MOVE = YES;
				CLANG_WARN_UNGUARDED_AVAILABILITY = YES_AGGRESSIVE;
				CLANG_WARN_UNREACHABLE_CODE = YES;
				CLANG_WARN__DUPLICATE_METHOD_MATCH = YES;
				COPY_PHASE_STRIP = NO;
				DEBUG_INFORMATION_FORMAT = "dwarf-with-dsym";
				ENABLE_NS_ASSERTIONS = NO;
				ENABLE_STRICT_OBJC_MSGSEND = YES;
				GCC_C_LANGUAGE_STANDARD = gnu11;
				GCC_NO_COMMON_BLOCKS = YES;
				GCC_WARN_64_TO_32_BIT_CONVERSION = YES;
				GCC_WARN_ABOUT_RETURN_TYPE = YES_ERROR;
				GCC_WARN_UNDECLARED_SELECTOR = YES;
				GCC_WARN_UNINITIALIZED_AUTOS = YES_AGGRESSIVE;
				GCC_WARN_UNUSED_FUNCTION = YES;
				GCC_WARN_UNUSED_VARIABLE = YES;
				MACOSX_DEPLOYMENT_TARGET = 11.3;
				MTL_ENABLE_DEBUG_INFO = NO;
				MTL_FAST_MATH = YES;
				SDKROOT = macosx;
			};
			name = Release;
		};
		1038C53426FC6B2D00114A41 /* Debug */ = {
			isa = XCBuildConfiguration;
			buildSettings = {
				CODE_SIGN_STYLE = Automatic;
				"HEADER_SEARCH_PATHS[arch=*]" = /opt/homebrew/include;
				"LIBRARY_SEARCH_PATHS[arch=*]" = /opt/homebrew/lib;
				"OTHER_LDFLAGS[arch=*]" = (
					"-lsfml-system",
					"-lsfml-graphics",
					"-lsfml-window",
				);
				PRODUCT_NAME = "$(TARGET_NAME)";
			};
			name = Debug;
		};
		1038C53526FC6B2D00114A41 /* Release */ = {
			isa = XCBuildConfiguration;
			buildSettings = {
				CODE_SIGN_STYLE = Automatic;
				PRODUCT_NAME = "$(TARGET_NAME)";
			};
			name = Release;
		};
/* End XCBuildConfiguration section */

/* Begin XCConfigurationList section */
		1038C52726FC6B2D00114A41 /* Build configuration list for PBXProject "FlappyCat" */ = {
			isa = XCConfigurationList;
			buildConfigurations = (
				1038C53126FC6B2D00114A41 /* Debug */,
				1038C53226FC6B2D00114A41 /* Release */,
			);
			defaultConfigurationIsVisible = 0;
			defaultConfigurationName = Release;
		};
		1038C53326FC6B2D00114A41 /* Build configuration list for PBXNativeTarget "FlappyCat" */ = {
			isa = XCConfigurationList;
			buildConfigurations = (
				1038C53426FC6B2D00114A41 /* Debug */,
				1038C53526FC6B2D00114A41 /* Release */,
			);
			defaultConfigurationIsVisible = 0;
			defaultConfigurationName = Release;
		};
/* End XCConfigurationList section */
	};
	rootObject = 1038C52426FC6B2D00114A41 /* Project object */;
}
